// !$*UTF8*$!
{
	archiveVersion = 1;
	classes = {
	};
	objectVersion = 46;
	objects = {

/* Begin PBXBuildFile section */
		00E356F31AD99517003FC87E /* BalanceAppTests.m in Sources */ = {isa = PBXBuildFile; fileRef = 00E356F21AD99517003FC87E /* BalanceAppTests.m */; };
		07A0CB62AD4C49F38BE3EA97 /* SimpleLineIcons.ttf in Resources */ = {isa = PBXBuildFile; fileRef = C41C13866E62488598FF403F /* SimpleLineIcons.ttf */; };
		0AFAEE43B75E7F46C039CE2F /* libPods-BalanceAppTests.a in Frameworks */ = {isa = PBXBuildFile; fileRef = D9B508F15DA48184B67B8EFC /* libPods-BalanceAppTests.a */; };
		107E08640B0B40F899E042C2 /* GeomanistLight.ttf in Resources */ = {isa = PBXBuildFile; fileRef = E3B1B0CEA9EE44659A0F7EF6 /* GeomanistLight.ttf */; };
		13B07FBC1A68108700A75B9A /* AppDelegate.m in Sources */ = {isa = PBXBuildFile; fileRef = 13B07FB01A68108700A75B9A /* AppDelegate.m */; };
		13B07FBD1A68108700A75B9A /* LaunchScreen.xib in Resources */ = {isa = PBXBuildFile; fileRef = 13B07FB11A68108700A75B9A /* LaunchScreen.xib */; };
		13B07FBF1A68108700A75B9A /* Images.xcassets in Resources */ = {isa = PBXBuildFile; fileRef = 13B07FB51A68108700A75B9A /* Images.xcassets */; };
		13B07FC11A68108700A75B9A /* main.m in Sources */ = {isa = PBXBuildFile; fileRef = 13B07FB71A68108700A75B9A /* main.m */; };
		1565F18DE5964774ACA77973 /* Fontisto.ttf in Resources */ = {isa = PBXBuildFile; fileRef = 5F46D0159CD2410092CCFE87 /* Fontisto.ttf */; };
		2A9D57232434852700F2517E /* GoogleService-Info.plist in Resources */ = {isa = PBXBuildFile; fileRef = 2A9D57222434852700F2517E /* GoogleService-Info.plist */; };
		2D02E4BC1E0B4A80006451C7 /* AppDelegate.m in Sources */ = {isa = PBXBuildFile; fileRef = 13B07FB01A68108700A75B9A /* AppDelegate.m */; };
		2D02E4BD1E0B4A84006451C7 /* Images.xcassets in Resources */ = {isa = PBXBuildFile; fileRef = 13B07FB51A68108700A75B9A /* Images.xcassets */; };
		2D02E4BF1E0B4AB3006451C7 /* main.m in Sources */ = {isa = PBXBuildFile; fileRef = 13B07FB71A68108700A75B9A /* main.m */; };
		2DCD954D1E0B4F2C00145EB5 /* BalanceAppTests.m in Sources */ = {isa = PBXBuildFile; fileRef = 00E356F21AD99517003FC87E /* BalanceAppTests.m */; };
		2E82B0A4EA444C049E0B1DFB /* MaterialIcons.ttf in Resources */ = {isa = PBXBuildFile; fileRef = 557B135DECB2497093A01CE8 /* MaterialIcons.ttf */; };
		2F7D24B3A93D442BBBBB1965 /* Feather.ttf in Resources */ = {isa = PBXBuildFile; fileRef = 9E4B822540604BC8AC083EF0 /* Feather.ttf */; };
		3FACCA55D2D7FD46F4A55F49 /* libPods-BalanceApp-tvOSTests.a in Frameworks */ = {isa = PBXBuildFile; fileRef = A21AF7EC9604CE1B42B3AB12 /* libPods-BalanceApp-tvOSTests.a */; };
		4C9ACA9039A04E0CBE48154F /* MaterialCommunityIcons.ttf in Resources */ = {isa = PBXBuildFile; fileRef = B6BE0FFC58304D36BA9FEC60 /* MaterialCommunityIcons.ttf */; };
		63FE0A81D8BB4ABB92C13246 /* FontAwesome5_Regular.ttf in Resources */ = {isa = PBXBuildFile; fileRef = FC3D66974C4A4B0CABBF8376 /* FontAwesome5_Regular.ttf */; };
		6648F61D3985470584FBCCA5 /* GeomanistMedium.ttf in Resources */ = {isa = PBXBuildFile; fileRef = C2AD82B6BDD644E2ACA31BA1 /* GeomanistMedium.ttf */; };
		6863CBF7258141049DAFC495 /* Foundation.ttf in Resources */ = {isa = PBXBuildFile; fileRef = 63304B224A4649FFBB7FE732 /* Foundation.ttf */; };
		6868C1B0B2F948A197FCD3A0 /* GeomanistRegular.ttf in Resources */ = {isa = PBXBuildFile; fileRef = 53C84685DEDF49CA846A23B9 /* GeomanistRegular.ttf */; };
		6BEF47996CA9486397D624DC /* Geomanist-Regular.otf in Resources */ = {isa = PBXBuildFile; fileRef = 34D9D57B754F4B81A8703688 /* Geomanist-Regular.otf */; };
		732FC746DEEE4B2AB5AA3A90 /* rubicon-icon-font.ttf in Resources */ = {isa = PBXBuildFile; fileRef = 75EB69151F2547ECB5ED911B /* rubicon-icon-font.ttf */; };
		73AB5381832A4B8B94BC35DD /* Ionicons.ttf in Resources */ = {isa = PBXBuildFile; fileRef = B67E6F7B2C9D407593095A51 /* Ionicons.ttf */; };
		7E4C867AA03641AFA4CA55DA /* Roboto_medium.ttf in Resources */ = {isa = PBXBuildFile; fileRef = C693B42E48DA455CABEF59A4 /* Roboto_medium.ttf */; };
		95AFB4216D8C4945945FBA57 /* Geomanist-Regular-Italic.otf in Resources */ = {isa = PBXBuildFile; fileRef = D3E44AE36EEE43EFA8362FBE /* Geomanist-Regular-Italic.otf */; };
		9AAE8D0630F14FB3AF8C6381 /* FontAwesome5_Brands.ttf in Resources */ = {isa = PBXBuildFile; fileRef = AD5B155FC9794B17859B6FEB /* FontAwesome5_Brands.ttf */; };
		A26DA8240AD3491A9140D543 /* GeomanistBook.ttf in Resources */ = {isa = PBXBuildFile; fileRef = 79483029B2D7436BBC289B33 /* GeomanistBook.ttf */; };
		A86790D8B8464E91AFE38EE7 /* FontAwesome.ttf in Resources */ = {isa = PBXBuildFile; fileRef = 5C59EC257C25423591420AFE /* FontAwesome.ttf */; };
		AC97D11DB0AE4859B0A88D49 /* Zocial.ttf in Resources */ = {isa = PBXBuildFile; fileRef = 0A8A5984602E454D85093217 /* Zocial.ttf */; };
		AFC2825980824348A2252172 /* Roboto.ttf in Resources */ = {isa = PBXBuildFile; fileRef = 326879310167402EA193311E /* Roboto.ttf */; };
		B5B5FE878F81ABF8E2EDF96B /* libPods-BalanceApp-tvOS.a in Frameworks */ = {isa = PBXBuildFile; fileRef = 140B471589A6921D06277D42 /* libPods-BalanceApp-tvOS.a */; };
		C47356584535483BB3AEF866 /* FontAwesome5_Solid.ttf in Resources */ = {isa = PBXBuildFile; fileRef = 985B1F4CFF58447A99F70A58 /* FontAwesome5_Solid.ttf */; };
		C62CAFC5290A45C3A3FC9C8A /* Entypo.ttf in Resources */ = {isa = PBXBuildFile; fileRef = E963413828AE442DB378CDE7 /* Entypo.ttf */; };
		DF77FF2F06B147ED83929D7B /* AntDesign.ttf in Resources */ = {isa = PBXBuildFile; fileRef = 3FA82B324FAE4334927207DF /* AntDesign.ttf */; };
		EABC91A8641B770224FA4108 /* libPods-BalanceApp.a in Frameworks */ = {isa = PBXBuildFile; fileRef = 27BCF844329342FD2BE45F98 /* libPods-BalanceApp.a */; };
		EC3DB11638E44C1A9149E7E6 /* EvilIcons.ttf in Resources */ = {isa = PBXBuildFile; fileRef = A024AF08CA6A4E8FADCC1703 /* EvilIcons.ttf */; };
		ED1697CFCDDE4FC491C85431 /* Octicons.ttf in Resources */ = {isa = PBXBuildFile; fileRef = 805DE2F13C764100AA8E0B0B /* Octicons.ttf */; };
		3FD5320028FA45CAAB55D7F7 /* AntDesign.ttf in Resources */ = {isa = PBXBuildFile; fileRef = A670069DE99E4A259B99FF64 /* AntDesign.ttf */; };
		94848FCD76EB47C3A009612E /* Entypo.ttf in Resources */ = {isa = PBXBuildFile; fileRef = 3DF40E0A1C8147DA961D0840 /* Entypo.ttf */; };
		B19185B4119B4CC586170B45 /* EvilIcons.ttf in Resources */ = {isa = PBXBuildFile; fileRef = FDE7AE3321DC4767AD06BBB2 /* EvilIcons.ttf */; };
		612BFF14DE99471CA2D16DF9 /* Feather.ttf in Resources */ = {isa = PBXBuildFile; fileRef = 2D926C9B9F0F4C7F8D134E60 /* Feather.ttf */; };
		96711448D337489597F37A72 /* FontAwesome.ttf in Resources */ = {isa = PBXBuildFile; fileRef = D10A50997CE041928D58F34B /* FontAwesome.ttf */; };
		FFAEBAD3548A40CBB33BAABC /* FontAwesome5_Brands.ttf in Resources */ = {isa = PBXBuildFile; fileRef = 0F47D33444C74164900BEB30 /* FontAwesome5_Brands.ttf */; };
		FF05D54B25A741C397C256FB /* FontAwesome5_Regular.ttf in Resources */ = {isa = PBXBuildFile; fileRef = 4EB52FF6C5464EFDB0939BC0 /* FontAwesome5_Regular.ttf */; };
		14C18B417B024FE7A03AE303 /* FontAwesome5_Solid.ttf in Resources */ = {isa = PBXBuildFile; fileRef = C87BA1292B4D47808D43AF0A /* FontAwesome5_Solid.ttf */; };
		B38F0F9AD95649B19248B58B /* Fontisto.ttf in Resources */ = {isa = PBXBuildFile; fileRef = 5AB8C2EAA129483099546D9A /* Fontisto.ttf */; };
		CB534F7EE9044F2BBB6EEFFD /* Foundation.ttf in Resources */ = {isa = PBXBuildFile; fileRef = 053964D96CB046D6A1FE2ABA /* Foundation.ttf */; };
		4C78B1FB582B46818E144846 /* Ionicons.ttf in Resources */ = {isa = PBXBuildFile; fileRef = 678C77F6790E4332A801D247 /* Ionicons.ttf */; };
		56F3E58467FD4539B83B4609 /* MaterialCommunityIcons.ttf in Resources */ = {isa = PBXBuildFile; fileRef = A2B8A858477044D081BA4A7C /* MaterialCommunityIcons.ttf */; };
		1B68DCC23F0B41228F23968E /* MaterialIcons.ttf in Resources */ = {isa = PBXBuildFile; fileRef = 814E1A93F7DF4CCF85727720 /* MaterialIcons.ttf */; };
		C6B6E35F0CFB4415A10F96A9 /* Octicons.ttf in Resources */ = {isa = PBXBuildFile; fileRef = F565F77A006D4F69BE5CB23B /* Octicons.ttf */; };
		7DC6CF29CFBD4E2C82A0CE6A /* SimpleLineIcons.ttf in Resources */ = {isa = PBXBuildFile; fileRef = 3EBBD14D5EC049D984B059F8 /* SimpleLineIcons.ttf */; };
		2E12EEE78CC746FE96437B0F /* Zocial.ttf in Resources */ = {isa = PBXBuildFile; fileRef = DEC5300B375D4BE5BEFFD0C4 /* Zocial.ttf */; };
/* End PBXBuildFile section */

/* Begin PBXContainerItemProxy section */
		00E356F41AD99517003FC87E /* PBXContainerItemProxy */ = {
			isa = PBXContainerItemProxy;
			containerPortal = 83CBB9F71A601CBA00E9B192 /* Project object */;
			proxyType = 1;
			remoteGlobalIDString = 13B07F861A680F5B00A75B9A;
			remoteInfo = BalanceApp;
		};
		2D02E4911E0B4A5D006451C7 /* PBXContainerItemProxy */ = {
			isa = PBXContainerItemProxy;
			containerPortal = 83CBB9F71A601CBA00E9B192 /* Project object */;
			proxyType = 1;
			remoteGlobalIDString = 2D02E47A1E0B4A5D006451C7;
			remoteInfo = "BalanceApp-tvOS";
		};
/* End PBXContainerItemProxy section */

/* Begin PBXFileReference section */
		008F07F21AC5B25A0029DE68 /* main.jsbundle */ = {isa = PBXFileReference; fileEncoding = 4; lastKnownFileType = text; path = main.jsbundle; sourceTree = "<group>"; };
		00E356EE1AD99517003FC87E /* BalanceAppTests.xctest */ = {isa = PBXFileReference; explicitFileType = wrapper.cfbundle; includeInIndex = 0; path = BalanceAppTests.xctest; sourceTree = BUILT_PRODUCTS_DIR; };
		00E356F11AD99517003FC87E /* Info.plist */ = {isa = PBXFileReference; lastKnownFileType = text.plist.xml; path = Info.plist; sourceTree = "<group>"; };
		00E356F21AD99517003FC87E /* BalanceAppTests.m */ = {isa = PBXFileReference; lastKnownFileType = sourcecode.c.objc; path = BalanceAppTests.m; sourceTree = "<group>"; };
		0A8A5984602E454D85093217 /* Zocial.ttf */ = {isa = PBXFileReference; explicitFileType = undefined; fileEncoding = 9; includeInIndex = 0; lastKnownFileType = unknown; name = Zocial.ttf; path = "../node_modules/native-base/Fonts/Zocial.ttf"; sourceTree = "<group>"; };
		0BF65BE9B0F16AC22AD07DA3 /* Pods-BalanceApp-tvOSTests.debug.xcconfig */ = {isa = PBXFileReference; includeInIndex = 1; lastKnownFileType = text.xcconfig; name = "Pods-BalanceApp-tvOSTests.debug.xcconfig"; path = "Target Support Files/Pods-BalanceApp-tvOSTests/Pods-BalanceApp-tvOSTests.debug.xcconfig"; sourceTree = "<group>"; };
		13B07F961A680F5B00A75B9A /* BalanceApp.app */ = {isa = PBXFileReference; explicitFileType = wrapper.application; includeInIndex = 0; path = BalanceApp.app; sourceTree = BUILT_PRODUCTS_DIR; };
		13B07FAF1A68108700A75B9A /* AppDelegate.h */ = {isa = PBXFileReference; fileEncoding = 4; lastKnownFileType = sourcecode.c.h; name = AppDelegate.h; path = BalanceApp/AppDelegate.h; sourceTree = "<group>"; };
		13B07FB01A68108700A75B9A /* AppDelegate.m */ = {isa = PBXFileReference; fileEncoding = 4; lastKnownFileType = sourcecode.c.objc; name = AppDelegate.m; path = BalanceApp/AppDelegate.m; sourceTree = "<group>"; };
		13B07FB21A68108700A75B9A /* Base */ = {isa = PBXFileReference; lastKnownFileType = file.xib; name = Base; path = Base.lproj/LaunchScreen.xib; sourceTree = "<group>"; };
		13B07FB51A68108700A75B9A /* Images.xcassets */ = {isa = PBXFileReference; lastKnownFileType = folder.assetcatalog; name = Images.xcassets; path = BalanceApp/Images.xcassets; sourceTree = "<group>"; };
		13B07FB61A68108700A75B9A /* Info.plist */ = {isa = PBXFileReference; fileEncoding = 4; lastKnownFileType = text.plist.xml; name = Info.plist; path = BalanceApp/Info.plist; sourceTree = "<group>"; };
		13B07FB71A68108700A75B9A /* main.m */ = {isa = PBXFileReference; fileEncoding = 4; lastKnownFileType = sourcecode.c.objc; name = main.m; path = BalanceApp/main.m; sourceTree = "<group>"; };
		140B471589A6921D06277D42 /* libPods-BalanceApp-tvOS.a */ = {isa = PBXFileReference; explicitFileType = archive.ar; includeInIndex = 0; path = "libPods-BalanceApp-tvOS.a"; sourceTree = BUILT_PRODUCTS_DIR; };
		27BCF844329342FD2BE45F98 /* libPods-BalanceApp.a */ = {isa = PBXFileReference; explicitFileType = archive.ar; includeInIndex = 0; path = "libPods-BalanceApp.a"; sourceTree = BUILT_PRODUCTS_DIR; };
		2A9D57222434852700F2517E /* GoogleService-Info.plist */ = {isa = PBXFileReference; fileEncoding = 4; lastKnownFileType = text.plist.xml; path = "GoogleService-Info.plist"; sourceTree = "<group>"; };
		2AF7731424348048000314B5 /* BalanceApp.entitlements */ = {isa = PBXFileReference; lastKnownFileType = text.plist.entitlements; name = BalanceApp.entitlements; path = BalanceApp/BalanceApp.entitlements; sourceTree = "<group>"; };
		2D02E47B1E0B4A5D006451C7 /* BalanceApp-tvOS.app */ = {isa = PBXFileReference; explicitFileType = wrapper.application; includeInIndex = 0; path = "BalanceApp-tvOS.app"; sourceTree = BUILT_PRODUCTS_DIR; };
		2D02E4901E0B4A5D006451C7 /* BalanceApp-tvOSTests.xctest */ = {isa = PBXFileReference; explicitFileType = wrapper.cfbundle; includeInIndex = 0; path = "BalanceApp-tvOSTests.xctest"; sourceTree = BUILT_PRODUCTS_DIR; };
		326879310167402EA193311E /* Roboto.ttf */ = {isa = PBXFileReference; explicitFileType = undefined; fileEncoding = 9; includeInIndex = 0; lastKnownFileType = unknown; name = Roboto.ttf; path = "../node_modules/native-base/Fonts/Roboto.ttf"; sourceTree = "<group>"; };
		34D9D57B754F4B81A8703688 /* Geomanist-Regular.otf */ = {isa = PBXFileReference; explicitFileType = undefined; fileEncoding = 9; includeInIndex = 0; lastKnownFileType = unknown; name = "Geomanist-Regular.otf"; path = "../assets/fonts/Geomanist-Regular.otf"; sourceTree = "<group>"; };
		3FA82B324FAE4334927207DF /* AntDesign.ttf */ = {isa = PBXFileReference; explicitFileType = undefined; fileEncoding = 9; includeInIndex = 0; lastKnownFileType = unknown; name = AntDesign.ttf; path = "../node_modules/native-base/Fonts/AntDesign.ttf"; sourceTree = "<group>"; };
		53C84685DEDF49CA846A23B9 /* GeomanistRegular.ttf */ = {isa = PBXFileReference; explicitFileType = undefined; fileEncoding = 9; includeInIndex = 0; lastKnownFileType = unknown; name = GeomanistRegular.ttf; path = ../assets/fonts/GeomanistRegular.ttf; sourceTree = "<group>"; };
		557B135DECB2497093A01CE8 /* MaterialIcons.ttf */ = {isa = PBXFileReference; explicitFileType = undefined; fileEncoding = 9; includeInIndex = 0; lastKnownFileType = unknown; name = MaterialIcons.ttf; path = "../node_modules/native-base/Fonts/MaterialIcons.ttf"; sourceTree = "<group>"; };
		5C59EC257C25423591420AFE /* FontAwesome.ttf */ = {isa = PBXFileReference; explicitFileType = undefined; fileEncoding = 9; includeInIndex = 0; lastKnownFileType = unknown; name = FontAwesome.ttf; path = "../node_modules/native-base/Fonts/FontAwesome.ttf"; sourceTree = "<group>"; };
		5F46D0159CD2410092CCFE87 /* Fontisto.ttf */ = {isa = PBXFileReference; explicitFileType = undefined; fileEncoding = 9; includeInIndex = 0; lastKnownFileType = unknown; name = Fontisto.ttf; path = "../node_modules/native-base/Fonts/Fontisto.ttf"; sourceTree = "<group>"; };
		63304B224A4649FFBB7FE732 /* Foundation.ttf */ = {isa = PBXFileReference; explicitFileType = undefined; fileEncoding = 9; includeInIndex = 0; lastKnownFileType = unknown; name = Foundation.ttf; path = "../node_modules/native-base/Fonts/Foundation.ttf"; sourceTree = "<group>"; };
		75EB69151F2547ECB5ED911B /* rubicon-icon-font.ttf */ = {isa = PBXFileReference; explicitFileType = undefined; fileEncoding = 9; includeInIndex = 0; lastKnownFileType = unknown; name = "rubicon-icon-font.ttf"; path = "../node_modules/native-base/Fonts/rubicon-icon-font.ttf"; sourceTree = "<group>"; };
		79483029B2D7436BBC289B33 /* GeomanistBook.ttf */ = {isa = PBXFileReference; explicitFileType = undefined; fileEncoding = 9; includeInIndex = 0; lastKnownFileType = unknown; name = GeomanistBook.ttf; path = ../assets/fonts/GeomanistBook.ttf; sourceTree = "<group>"; };
		7BF82B696C381EBC5F9628CE /* Pods-BalanceApp.debug.xcconfig */ = {isa = PBXFileReference; includeInIndex = 1; lastKnownFileType = text.xcconfig; name = "Pods-BalanceApp.debug.xcconfig"; path = "Target Support Files/Pods-BalanceApp/Pods-BalanceApp.debug.xcconfig"; sourceTree = "<group>"; };
		7CB768FBD8EDB38943576E81 /* Pods-BalanceAppTests.release.xcconfig */ = {isa = PBXFileReference; includeInIndex = 1; lastKnownFileType = text.xcconfig; name = "Pods-BalanceAppTests.release.xcconfig"; path = "Target Support Files/Pods-BalanceAppTests/Pods-BalanceAppTests.release.xcconfig"; sourceTree = "<group>"; };
		805DE2F13C764100AA8E0B0B /* Octicons.ttf */ = {isa = PBXFileReference; explicitFileType = undefined; fileEncoding = 9; includeInIndex = 0; lastKnownFileType = unknown; name = Octicons.ttf; path = "../node_modules/native-base/Fonts/Octicons.ttf"; sourceTree = "<group>"; };
		83F1878FD8BD349F152CF90F /* Pods-BalanceApp-tvOS.debug.xcconfig */ = {isa = PBXFileReference; includeInIndex = 1; lastKnownFileType = text.xcconfig; name = "Pods-BalanceApp-tvOS.debug.xcconfig"; path = "Target Support Files/Pods-BalanceApp-tvOS/Pods-BalanceApp-tvOS.debug.xcconfig"; sourceTree = "<group>"; };
		8872407A0EEF3389E93552CC /* Pods-BalanceAppTests.debug.xcconfig */ = {isa = PBXFileReference; includeInIndex = 1; lastKnownFileType = text.xcconfig; name = "Pods-BalanceAppTests.debug.xcconfig"; path = "Target Support Files/Pods-BalanceAppTests/Pods-BalanceAppTests.debug.xcconfig"; sourceTree = "<group>"; };
		985B1F4CFF58447A99F70A58 /* FontAwesome5_Solid.ttf */ = {isa = PBXFileReference; explicitFileType = undefined; fileEncoding = 9; includeInIndex = 0; lastKnownFileType = unknown; name = FontAwesome5_Solid.ttf; path = "../node_modules/native-base/Fonts/FontAwesome5_Solid.ttf"; sourceTree = "<group>"; };
		9D53C1A7B14AA62B0918E950 /* Pods-BalanceApp.release.xcconfig */ = {isa = PBXFileReference; includeInIndex = 1; lastKnownFileType = text.xcconfig; name = "Pods-BalanceApp.release.xcconfig"; path = "Target Support Files/Pods-BalanceApp/Pods-BalanceApp.release.xcconfig"; sourceTree = "<group>"; };
		9E4B822540604BC8AC083EF0 /* Feather.ttf */ = {isa = PBXFileReference; explicitFileType = undefined; fileEncoding = 9; includeInIndex = 0; lastKnownFileType = unknown; name = Feather.ttf; path = "../node_modules/native-base/Fonts/Feather.ttf"; sourceTree = "<group>"; };
		A024AF08CA6A4E8FADCC1703 /* EvilIcons.ttf */ = {isa = PBXFileReference; explicitFileType = undefined; fileEncoding = 9; includeInIndex = 0; lastKnownFileType = unknown; name = EvilIcons.ttf; path = "../node_modules/native-base/Fonts/EvilIcons.ttf"; sourceTree = "<group>"; };
		A21AF7EC9604CE1B42B3AB12 /* libPods-BalanceApp-tvOSTests.a */ = {isa = PBXFileReference; explicitFileType = archive.ar; includeInIndex = 0; path = "libPods-BalanceApp-tvOSTests.a"; sourceTree = BUILT_PRODUCTS_DIR; };
		AD5B155FC9794B17859B6FEB /* FontAwesome5_Brands.ttf */ = {isa = PBXFileReference; explicitFileType = undefined; fileEncoding = 9; includeInIndex = 0; lastKnownFileType = unknown; name = FontAwesome5_Brands.ttf; path = "../node_modules/native-base/Fonts/FontAwesome5_Brands.ttf"; sourceTree = "<group>"; };
		B67E6F7B2C9D407593095A51 /* Ionicons.ttf */ = {isa = PBXFileReference; explicitFileType = undefined; fileEncoding = 9; includeInIndex = 0; lastKnownFileType = unknown; name = Ionicons.ttf; path = "../node_modules/native-base/Fonts/Ionicons.ttf"; sourceTree = "<group>"; };
		B6BE0FFC58304D36BA9FEC60 /* MaterialCommunityIcons.ttf */ = {isa = PBXFileReference; explicitFileType = undefined; fileEncoding = 9; includeInIndex = 0; lastKnownFileType = unknown; name = MaterialCommunityIcons.ttf; path = "../node_modules/native-base/Fonts/MaterialCommunityIcons.ttf"; sourceTree = "<group>"; };
		B94B0DC030B6F5402A9CA9F1 /* Pods-BalanceApp-tvOSTests.release.xcconfig */ = {isa = PBXFileReference; includeInIndex = 1; lastKnownFileType = text.xcconfig; name = "Pods-BalanceApp-tvOSTests.release.xcconfig"; path = "Target Support Files/Pods-BalanceApp-tvOSTests/Pods-BalanceApp-tvOSTests.release.xcconfig"; sourceTree = "<group>"; };
		C2AD82B6BDD644E2ACA31BA1 /* GeomanistMedium.ttf */ = {isa = PBXFileReference; explicitFileType = undefined; fileEncoding = 9; includeInIndex = 0; lastKnownFileType = unknown; name = GeomanistMedium.ttf; path = ../assets/fonts/GeomanistMedium.ttf; sourceTree = "<group>"; };
		C41C13866E62488598FF403F /* SimpleLineIcons.ttf */ = {isa = PBXFileReference; explicitFileType = undefined; fileEncoding = 9; includeInIndex = 0; lastKnownFileType = unknown; name = SimpleLineIcons.ttf; path = "../node_modules/native-base/Fonts/SimpleLineIcons.ttf"; sourceTree = "<group>"; };
		C693B42E48DA455CABEF59A4 /* Roboto_medium.ttf */ = {isa = PBXFileReference; explicitFileType = undefined; fileEncoding = 9; includeInIndex = 0; lastKnownFileType = unknown; name = Roboto_medium.ttf; path = "../node_modules/native-base/Fonts/Roboto_medium.ttf"; sourceTree = "<group>"; };
		D3E44AE36EEE43EFA8362FBE /* Geomanist-Regular-Italic.otf */ = {isa = PBXFileReference; explicitFileType = undefined; fileEncoding = 9; includeInIndex = 0; lastKnownFileType = unknown; name = "Geomanist-Regular-Italic.otf"; path = "../assets/fonts/Geomanist-Regular-Italic.otf"; sourceTree = "<group>"; };
		D9B508F15DA48184B67B8EFC /* libPods-BalanceAppTests.a */ = {isa = PBXFileReference; explicitFileType = archive.ar; includeInIndex = 0; path = "libPods-BalanceAppTests.a"; sourceTree = BUILT_PRODUCTS_DIR; };
		E3B1B0CEA9EE44659A0F7EF6 /* GeomanistLight.ttf */ = {isa = PBXFileReference; explicitFileType = undefined; fileEncoding = 9; includeInIndex = 0; lastKnownFileType = unknown; name = GeomanistLight.ttf; path = ../assets/fonts/GeomanistLight.ttf; sourceTree = "<group>"; };
		E963413828AE442DB378CDE7 /* Entypo.ttf */ = {isa = PBXFileReference; explicitFileType = undefined; fileEncoding = 9; includeInIndex = 0; lastKnownFileType = unknown; name = Entypo.ttf; path = "../node_modules/native-base/Fonts/Entypo.ttf"; sourceTree = "<group>"; };
		ED297162215061F000B7C4FE /* JavaScriptCore.framework */ = {isa = PBXFileReference; lastKnownFileType = wrapper.framework; name = JavaScriptCore.framework; path = System/Library/Frameworks/JavaScriptCore.framework; sourceTree = SDKROOT; };
		ED2971642150620600B7C4FE /* JavaScriptCore.framework */ = {isa = PBXFileReference; lastKnownFileType = wrapper.framework; name = JavaScriptCore.framework; path = Platforms/AppleTVOS.platform/Developer/SDKs/AppleTVOS12.0.sdk/System/Library/Frameworks/JavaScriptCore.framework; sourceTree = DEVELOPER_DIR; };
		F6A7D93F9993C6B93ACD23BE /* Pods-BalanceApp-tvOS.release.xcconfig */ = {isa = PBXFileReference; includeInIndex = 1; lastKnownFileType = text.xcconfig; name = "Pods-BalanceApp-tvOS.release.xcconfig"; path = "Target Support Files/Pods-BalanceApp-tvOS/Pods-BalanceApp-tvOS.release.xcconfig"; sourceTree = "<group>"; };
		FC3D66974C4A4B0CABBF8376 /* FontAwesome5_Regular.ttf */ = {isa = PBXFileReference; explicitFileType = undefined; fileEncoding = 9; includeInIndex = 0; lastKnownFileType = unknown; name = FontAwesome5_Regular.ttf; path = "../node_modules/native-base/Fonts/FontAwesome5_Regular.ttf"; sourceTree = "<group>"; };
		A670069DE99E4A259B99FF64 /* AntDesign.ttf */ = {isa = PBXFileReference; name = "AntDesign.ttf"; path = "../node_modules/react-native-vector-icons/Fonts/AntDesign.ttf"; sourceTree = "<group>"; fileEncoding = undefined; lastKnownFileType = unknown; explicitFileType = undefined; includeInIndex = 0; };
		3DF40E0A1C8147DA961D0840 /* Entypo.ttf */ = {isa = PBXFileReference; name = "Entypo.ttf"; path = "../node_modules/react-native-vector-icons/Fonts/Entypo.ttf"; sourceTree = "<group>"; fileEncoding = undefined; lastKnownFileType = unknown; explicitFileType = undefined; includeInIndex = 0; };
		FDE7AE3321DC4767AD06BBB2 /* EvilIcons.ttf */ = {isa = PBXFileReference; name = "EvilIcons.ttf"; path = "../node_modules/react-native-vector-icons/Fonts/EvilIcons.ttf"; sourceTree = "<group>"; fileEncoding = undefined; lastKnownFileType = unknown; explicitFileType = undefined; includeInIndex = 0; };
		2D926C9B9F0F4C7F8D134E60 /* Feather.ttf */ = {isa = PBXFileReference; name = "Feather.ttf"; path = "../node_modules/react-native-vector-icons/Fonts/Feather.ttf"; sourceTree = "<group>"; fileEncoding = undefined; lastKnownFileType = unknown; explicitFileType = undefined; includeInIndex = 0; };
		D10A50997CE041928D58F34B /* FontAwesome.ttf */ = {isa = PBXFileReference; name = "FontAwesome.ttf"; path = "../node_modules/react-native-vector-icons/Fonts/FontAwesome.ttf"; sourceTree = "<group>"; fileEncoding = undefined; lastKnownFileType = unknown; explicitFileType = undefined; includeInIndex = 0; };
		0F47D33444C74164900BEB30 /* FontAwesome5_Brands.ttf */ = {isa = PBXFileReference; name = "FontAwesome5_Brands.ttf"; path = "../node_modules/react-native-vector-icons/Fonts/FontAwesome5_Brands.ttf"; sourceTree = "<group>"; fileEncoding = undefined; lastKnownFileType = unknown; explicitFileType = undefined; includeInIndex = 0; };
		4EB52FF6C5464EFDB0939BC0 /* FontAwesome5_Regular.ttf */ = {isa = PBXFileReference; name = "FontAwesome5_Regular.ttf"; path = "../node_modules/react-native-vector-icons/Fonts/FontAwesome5_Regular.ttf"; sourceTree = "<group>"; fileEncoding = undefined; lastKnownFileType = unknown; explicitFileType = undefined; includeInIndex = 0; };
		C87BA1292B4D47808D43AF0A /* FontAwesome5_Solid.ttf */ = {isa = PBXFileReference; name = "FontAwesome5_Solid.ttf"; path = "../node_modules/react-native-vector-icons/Fonts/FontAwesome5_Solid.ttf"; sourceTree = "<group>"; fileEncoding = undefined; lastKnownFileType = unknown; explicitFileType = undefined; includeInIndex = 0; };
		5AB8C2EAA129483099546D9A /* Fontisto.ttf */ = {isa = PBXFileReference; name = "Fontisto.ttf"; path = "../node_modules/react-native-vector-icons/Fonts/Fontisto.ttf"; sourceTree = "<group>"; fileEncoding = undefined; lastKnownFileType = unknown; explicitFileType = undefined; includeInIndex = 0; };
		053964D96CB046D6A1FE2ABA /* Foundation.ttf */ = {isa = PBXFileReference; name = "Foundation.ttf"; path = "../node_modules/react-native-vector-icons/Fonts/Foundation.ttf"; sourceTree = "<group>"; fileEncoding = undefined; lastKnownFileType = unknown; explicitFileType = undefined; includeInIndex = 0; };
		678C77F6790E4332A801D247 /* Ionicons.ttf */ = {isa = PBXFileReference; name = "Ionicons.ttf"; path = "../node_modules/react-native-vector-icons/Fonts/Ionicons.ttf"; sourceTree = "<group>"; fileEncoding = undefined; lastKnownFileType = unknown; explicitFileType = undefined; includeInIndex = 0; };
		A2B8A858477044D081BA4A7C /* MaterialCommunityIcons.ttf */ = {isa = PBXFileReference; name = "MaterialCommunityIcons.ttf"; path = "../node_modules/react-native-vector-icons/Fonts/MaterialCommunityIcons.ttf"; sourceTree = "<group>"; fileEncoding = undefined; lastKnownFileType = unknown; explicitFileType = undefined; includeInIndex = 0; };
		814E1A93F7DF4CCF85727720 /* MaterialIcons.ttf */ = {isa = PBXFileReference; name = "MaterialIcons.ttf"; path = "../node_modules/react-native-vector-icons/Fonts/MaterialIcons.ttf"; sourceTree = "<group>"; fileEncoding = undefined; lastKnownFileType = unknown; explicitFileType = undefined; includeInIndex = 0; };
		F565F77A006D4F69BE5CB23B /* Octicons.ttf */ = {isa = PBXFileReference; name = "Octicons.ttf"; path = "../node_modules/react-native-vector-icons/Fonts/Octicons.ttf"; sourceTree = "<group>"; fileEncoding = undefined; lastKnownFileType = unknown; explicitFileType = undefined; includeInIndex = 0; };
		3EBBD14D5EC049D984B059F8 /* SimpleLineIcons.ttf */ = {isa = PBXFileReference; name = "SimpleLineIcons.ttf"; path = "../node_modules/react-native-vector-icons/Fonts/SimpleLineIcons.ttf"; sourceTree = "<group>"; fileEncoding = undefined; lastKnownFileType = unknown; explicitFileType = undefined; includeInIndex = 0; };
		DEC5300B375D4BE5BEFFD0C4 /* Zocial.ttf */ = {isa = PBXFileReference; name = "Zocial.ttf"; path = "../node_modules/react-native-vector-icons/Fonts/Zocial.ttf"; sourceTree = "<group>"; fileEncoding = undefined; lastKnownFileType = unknown; explicitFileType = undefined; includeInIndex = 0; };
/* End PBXFileReference section */

/* Begin PBXFrameworksBuildPhase section */
		00E356EB1AD99517003FC87E /* Frameworks */ = {
			isa = PBXFrameworksBuildPhase;
			buildActionMask = 2147483647;
			files = (
				0AFAEE43B75E7F46C039CE2F /* libPods-BalanceAppTests.a in Frameworks */,
			);
			runOnlyForDeploymentPostprocessing = 0;
		};
		13B07F8C1A680F5B00A75B9A /* Frameworks */ = {
			isa = PBXFrameworksBuildPhase;
			buildActionMask = 2147483647;
			files = (
				EABC91A8641B770224FA4108 /* libPods-BalanceApp.a in Frameworks */,
			);
			runOnlyForDeploymentPostprocessing = 0;
		};
		2D02E4781E0B4A5D006451C7 /* Frameworks */ = {
			isa = PBXFrameworksBuildPhase;
			buildActionMask = 2147483647;
			files = (
				B5B5FE878F81ABF8E2EDF96B /* libPods-BalanceApp-tvOS.a in Frameworks */,
			);
			runOnlyForDeploymentPostprocessing = 0;
		};
		2D02E48D1E0B4A5D006451C7 /* Frameworks */ = {
			isa = PBXFrameworksBuildPhase;
			buildActionMask = 2147483647;
			files = (
				3FACCA55D2D7FD46F4A55F49 /* libPods-BalanceApp-tvOSTests.a in Frameworks */,
			);
			runOnlyForDeploymentPostprocessing = 0;
		};
/* End PBXFrameworksBuildPhase section */

/* Begin PBXGroup section */
		00E356EF1AD99517003FC87E /* BalanceAppTests */ = {
			isa = PBXGroup;
			children = (
				00E356F21AD99517003FC87E /* BalanceAppTests.m */,
				00E356F01AD99517003FC87E /* Supporting Files */,
			);
			path = BalanceAppTests;
			sourceTree = "<group>";
		};
		00E356F01AD99517003FC87E /* Supporting Files */ = {
			isa = PBXGroup;
			children = (
				00E356F11AD99517003FC87E /* Info.plist */,
			);
			name = "Supporting Files";
			sourceTree = "<group>";
		};
		13B07FAE1A68108700A75B9A /* BalanceApp */ = {
			isa = PBXGroup;
			children = (
				2A9D57222434852700F2517E /* GoogleService-Info.plist */,
				2AF7731424348048000314B5 /* BalanceApp.entitlements */,
				008F07F21AC5B25A0029DE68 /* main.jsbundle */,
				13B07FAF1A68108700A75B9A /* AppDelegate.h */,
				13B07FB01A68108700A75B9A /* AppDelegate.m */,
				13B07FB51A68108700A75B9A /* Images.xcassets */,
				13B07FB61A68108700A75B9A /* Info.plist */,
				13B07FB11A68108700A75B9A /* LaunchScreen.xib */,
				13B07FB71A68108700A75B9A /* main.m */,
			);
			name = BalanceApp;
			sourceTree = "<group>";
		};
		2D16E6871FA4F8E400B85C8A /* Frameworks */ = {
			isa = PBXGroup;
			children = (
				ED297162215061F000B7C4FE /* JavaScriptCore.framework */,
				ED2971642150620600B7C4FE /* JavaScriptCore.framework */,
				27BCF844329342FD2BE45F98 /* libPods-BalanceApp.a */,
				140B471589A6921D06277D42 /* libPods-BalanceApp-tvOS.a */,
				A21AF7EC9604CE1B42B3AB12 /* libPods-BalanceApp-tvOSTests.a */,
				D9B508F15DA48184B67B8EFC /* libPods-BalanceAppTests.a */,
			);
			name = Frameworks;
			sourceTree = "<group>";
		};
		5EAB03A1E0DB4ECE853AD5AB /* Resources */ = {
			isa = PBXGroup;
			children = (
				3FA82B324FAE4334927207DF /* AntDesign.ttf */,
				E963413828AE442DB378CDE7 /* Entypo.ttf */,
				A024AF08CA6A4E8FADCC1703 /* EvilIcons.ttf */,
				9E4B822540604BC8AC083EF0 /* Feather.ttf */,
				5C59EC257C25423591420AFE /* FontAwesome.ttf */,
				AD5B155FC9794B17859B6FEB /* FontAwesome5_Brands.ttf */,
				FC3D66974C4A4B0CABBF8376 /* FontAwesome5_Regular.ttf */,
				985B1F4CFF58447A99F70A58 /* FontAwesome5_Solid.ttf */,
				5F46D0159CD2410092CCFE87 /* Fontisto.ttf */,
				63304B224A4649FFBB7FE732 /* Foundation.ttf */,
				B67E6F7B2C9D407593095A51 /* Ionicons.ttf */,
				B6BE0FFC58304D36BA9FEC60 /* MaterialCommunityIcons.ttf */,
				557B135DECB2497093A01CE8 /* MaterialIcons.ttf */,
				805DE2F13C764100AA8E0B0B /* Octicons.ttf */,
				C693B42E48DA455CABEF59A4 /* Roboto_medium.ttf */,
				326879310167402EA193311E /* Roboto.ttf */,
				75EB69151F2547ECB5ED911B /* rubicon-icon-font.ttf */,
				C41C13866E62488598FF403F /* SimpleLineIcons.ttf */,
				0A8A5984602E454D85093217 /* Zocial.ttf */,
				79483029B2D7436BBC289B33 /* GeomanistBook.ttf */,
				E3B1B0CEA9EE44659A0F7EF6 /* GeomanistLight.ttf */,
				C2AD82B6BDD644E2ACA31BA1 /* GeomanistMedium.ttf */,
				53C84685DEDF49CA846A23B9 /* GeomanistRegular.ttf */,
				D3E44AE36EEE43EFA8362FBE /* Geomanist-Regular-Italic.otf */,
				34D9D57B754F4B81A8703688 /* Geomanist-Regular.otf */,
				A670069DE99E4A259B99FF64 /* AntDesign.ttf */,
				3DF40E0A1C8147DA961D0840 /* Entypo.ttf */,
				FDE7AE3321DC4767AD06BBB2 /* EvilIcons.ttf */,
				2D926C9B9F0F4C7F8D134E60 /* Feather.ttf */,
				D10A50997CE041928D58F34B /* FontAwesome.ttf */,
				0F47D33444C74164900BEB30 /* FontAwesome5_Brands.ttf */,
				4EB52FF6C5464EFDB0939BC0 /* FontAwesome5_Regular.ttf */,
				C87BA1292B4D47808D43AF0A /* FontAwesome5_Solid.ttf */,
				5AB8C2EAA129483099546D9A /* Fontisto.ttf */,
				053964D96CB046D6A1FE2ABA /* Foundation.ttf */,
				678C77F6790E4332A801D247 /* Ionicons.ttf */,
				A2B8A858477044D081BA4A7C /* MaterialCommunityIcons.ttf */,
				814E1A93F7DF4CCF85727720 /* MaterialIcons.ttf */,
				F565F77A006D4F69BE5CB23B /* Octicons.ttf */,
				3EBBD14D5EC049D984B059F8 /* SimpleLineIcons.ttf */,
				DEC5300B375D4BE5BEFFD0C4 /* Zocial.ttf */,
			);
			name = Resources;
			sourceTree = "<group>";
		};
		5F3A791BDC000825A0ACB7EA /* Pods */ = {
			isa = PBXGroup;
			children = (
				7BF82B696C381EBC5F9628CE /* Pods-BalanceApp.debug.xcconfig */,
				9D53C1A7B14AA62B0918E950 /* Pods-BalanceApp.release.xcconfig */,
				83F1878FD8BD349F152CF90F /* Pods-BalanceApp-tvOS.debug.xcconfig */,
				F6A7D93F9993C6B93ACD23BE /* Pods-BalanceApp-tvOS.release.xcconfig */,
				0BF65BE9B0F16AC22AD07DA3 /* Pods-BalanceApp-tvOSTests.debug.xcconfig */,
				B94B0DC030B6F5402A9CA9F1 /* Pods-BalanceApp-tvOSTests.release.xcconfig */,
				8872407A0EEF3389E93552CC /* Pods-BalanceAppTests.debug.xcconfig */,
				7CB768FBD8EDB38943576E81 /* Pods-BalanceAppTests.release.xcconfig */,
			);
			path = Pods;
			sourceTree = "<group>";
		};
		832341AE1AAA6A7D00B99B32 /* Libraries */ = {
			isa = PBXGroup;
			children = (
			);
			name = Libraries;
			sourceTree = "<group>";
		};
		83CBB9F61A601CBA00E9B192 = {
			isa = PBXGroup;
			children = (
				13B07FAE1A68108700A75B9A /* BalanceApp */,
				832341AE1AAA6A7D00B99B32 /* Libraries */,
				00E356EF1AD99517003FC87E /* BalanceAppTests */,
				83CBBA001A601CBA00E9B192 /* Products */,
				2D16E6871FA4F8E400B85C8A /* Frameworks */,
				5EAB03A1E0DB4ECE853AD5AB /* Resources */,
				5F3A791BDC000825A0ACB7EA /* Pods */,
			);
			indentWidth = 2;
			sourceTree = "<group>";
			tabWidth = 2;
			usesTabs = 0;
		};
		83CBBA001A601CBA00E9B192 /* Products */ = {
			isa = PBXGroup;
			children = (
				13B07F961A680F5B00A75B9A /* BalanceApp.app */,
				00E356EE1AD99517003FC87E /* BalanceAppTests.xctest */,
				2D02E47B1E0B4A5D006451C7 /* BalanceApp-tvOS.app */,
				2D02E4901E0B4A5D006451C7 /* BalanceApp-tvOSTests.xctest */,
			);
			name = Products;
			sourceTree = "<group>";
		};
/* End PBXGroup section */

/* Begin PBXNativeTarget section */
		00E356ED1AD99517003FC87E /* BalanceAppTests */ = {
			isa = PBXNativeTarget;
			buildConfigurationList = 00E357021AD99517003FC87E /* Build configuration list for PBXNativeTarget "BalanceAppTests" */;
			buildPhases = (
				BD34BA1B4F0B4D67BB959278 /* [CP] Check Pods Manifest.lock */,
				00E356EA1AD99517003FC87E /* Sources */,
				00E356EB1AD99517003FC87E /* Frameworks */,
				00E356EC1AD99517003FC87E /* Resources */,
			);
			buildRules = (
			);
			dependencies = (
				00E356F51AD99517003FC87E /* PBXTargetDependency */,
			);
			name = BalanceAppTests;
			productName = BalanceAppTests;
			productReference = 00E356EE1AD99517003FC87E /* BalanceAppTests.xctest */;
			productType = "com.apple.product-type.bundle.unit-test";
		};
		13B07F861A680F5B00A75B9A /* BalanceApp */ = {
			isa = PBXNativeTarget;
			buildConfigurationList = 13B07F931A680F5B00A75B9A /* Build configuration list for PBXNativeTarget "BalanceApp" */;
			buildPhases = (
				25C1CADFE7B1018CC3DE8A20 /* [CP] Check Pods Manifest.lock */,
				FD10A7F022414F080027D42C /* Start Packager */,
				13B07F871A680F5B00A75B9A /* Sources */,
				13B07F8C1A680F5B00A75B9A /* Frameworks */,
				13B07F8E1A680F5B00A75B9A /* Resources */,
				00DD1BFF1BD5951E006B06BC /* Bundle React Native code and images */,
			);
			buildRules = (
			);
			dependencies = (
			);
			name = BalanceApp;
			productName = BalanceApp;
			productReference = 13B07F961A680F5B00A75B9A /* BalanceApp.app */;
			productType = "com.apple.product-type.application";
		};
		2D02E47A1E0B4A5D006451C7 /* BalanceApp-tvOS */ = {
			isa = PBXNativeTarget;
			buildConfigurationList = 2D02E4BA1E0B4A5E006451C7 /* Build configuration list for PBXNativeTarget "BalanceApp-tvOS" */;
			buildPhases = (
				AEE1824106D9F360013C05E9 /* [CP] Check Pods Manifest.lock */,
				FD10A7F122414F3F0027D42C /* Start Packager */,
				2D02E4771E0B4A5D006451C7 /* Sources */,
				2D02E4781E0B4A5D006451C7 /* Frameworks */,
				2D02E4791E0B4A5D006451C7 /* Resources */,
				2D02E4CB1E0B4B27006451C7 /* Bundle React Native Code And Images */,
			);
			buildRules = (
			);
			dependencies = (
			);
			name = "BalanceApp-tvOS";
			productName = "BalanceApp-tvOS";
			productReference = 2D02E47B1E0B4A5D006451C7 /* BalanceApp-tvOS.app */;
			productType = "com.apple.product-type.application";
		};
		2D02E48F1E0B4A5D006451C7 /* BalanceApp-tvOSTests */ = {
			isa = PBXNativeTarget;
			buildConfigurationList = 2D02E4BB1E0B4A5E006451C7 /* Build configuration list for PBXNativeTarget "BalanceApp-tvOSTests" */;
			buildPhases = (
				18486D512AC88EBB86FB2EF9 /* [CP] Check Pods Manifest.lock */,
				2D02E48C1E0B4A5D006451C7 /* Sources */,
				2D02E48D1E0B4A5D006451C7 /* Frameworks */,
				2D02E48E1E0B4A5D006451C7 /* Resources */,
			);
			buildRules = (
			);
			dependencies = (
				2D02E4921E0B4A5D006451C7 /* PBXTargetDependency */,
			);
			name = "BalanceApp-tvOSTests";
			productName = "BalanceApp-tvOSTests";
			productReference = 2D02E4901E0B4A5D006451C7 /* BalanceApp-tvOSTests.xctest */;
			productType = "com.apple.product-type.bundle.unit-test";
		};
/* End PBXNativeTarget section */

/* Begin PBXProject section */
		83CBB9F71A601CBA00E9B192 /* Project object */ = {
			isa = PBXProject;
			attributes = {
				LastUpgradeCheck = 940;
				ORGANIZATIONNAME = Facebook;
				TargetAttributes = {
					00E356ED1AD99517003FC87E = {
						CreatedOnToolsVersion = 6.2;
						DevelopmentTeam = TAAMTQU28H;
						TestTargetID = 13B07F861A680F5B00A75B9A;
					};
					13B07F861A680F5B00A75B9A = {
						DevelopmentTeam = TAAMTQU28H;
					};
					2D02E47A1E0B4A5D006451C7 = {
						CreatedOnToolsVersion = 8.2.1;
						ProvisioningStyle = Automatic;
					};
					2D02E48F1E0B4A5D006451C7 = {
						CreatedOnToolsVersion = 8.2.1;
						ProvisioningStyle = Automatic;
						TestTargetID = 2D02E47A1E0B4A5D006451C7;
					};
				};
			};
			buildConfigurationList = 83CBB9FA1A601CBA00E9B192 /* Build configuration list for PBXProject "BalanceApp" */;
			compatibilityVersion = "Xcode 3.2";
			developmentRegion = English;
			hasScannedForEncodings = 0;
			knownRegions = (
				English,
				en,
				Base,
			);
			mainGroup = 83CBB9F61A601CBA00E9B192;
			productRefGroup = 83CBBA001A601CBA00E9B192 /* Products */;
			projectDirPath = "";
			projectRoot = "";
			targets = (
				13B07F861A680F5B00A75B9A /* BalanceApp */,
				00E356ED1AD99517003FC87E /* BalanceAppTests */,
				2D02E47A1E0B4A5D006451C7 /* BalanceApp-tvOS */,
				2D02E48F1E0B4A5D006451C7 /* BalanceApp-tvOSTests */,
			);
		};
/* End PBXProject section */

/* Begin PBXResourcesBuildPhase section */
		00E356EC1AD99517003FC87E /* Resources */ = {
			isa = PBXResourcesBuildPhase;
			buildActionMask = 2147483647;
			files = (
			);
			runOnlyForDeploymentPostprocessing = 0;
		};
		13B07F8E1A680F5B00A75B9A /* Resources */ = {
			isa = PBXResourcesBuildPhase;
			buildActionMask = 2147483647;
			files = (
				13B07FBF1A68108700A75B9A /* Images.xcassets in Resources */,
				13B07FBD1A68108700A75B9A /* LaunchScreen.xib in Resources */,
				DF77FF2F06B147ED83929D7B /* AntDesign.ttf in Resources */,
				C62CAFC5290A45C3A3FC9C8A /* Entypo.ttf in Resources */,
				EC3DB11638E44C1A9149E7E6 /* EvilIcons.ttf in Resources */,
				2F7D24B3A93D442BBBBB1965 /* Feather.ttf in Resources */,
				A86790D8B8464E91AFE38EE7 /* FontAwesome.ttf in Resources */,
				9AAE8D0630F14FB3AF8C6381 /* FontAwesome5_Brands.ttf in Resources */,
				63FE0A81D8BB4ABB92C13246 /* FontAwesome5_Regular.ttf in Resources */,
				C47356584535483BB3AEF866 /* FontAwesome5_Solid.ttf in Resources */,
				1565F18DE5964774ACA77973 /* Fontisto.ttf in Resources */,
				6863CBF7258141049DAFC495 /* Foundation.ttf in Resources */,
				73AB5381832A4B8B94BC35DD /* Ionicons.ttf in Resources */,
				2A9D57232434852700F2517E /* GoogleService-Info.plist in Resources */,
				4C9ACA9039A04E0CBE48154F /* MaterialCommunityIcons.ttf in Resources */,
				2E82B0A4EA444C049E0B1DFB /* MaterialIcons.ttf in Resources */,
				ED1697CFCDDE4FC491C85431 /* Octicons.ttf in Resources */,
				7E4C867AA03641AFA4CA55DA /* Roboto_medium.ttf in Resources */,
				AFC2825980824348A2252172 /* Roboto.ttf in Resources */,
				732FC746DEEE4B2AB5AA3A90 /* rubicon-icon-font.ttf in Resources */,
				07A0CB62AD4C49F38BE3EA97 /* SimpleLineIcons.ttf in Resources */,
				AC97D11DB0AE4859B0A88D49 /* Zocial.ttf in Resources */,
				A26DA8240AD3491A9140D543 /* GeomanistBook.ttf in Resources */,
				107E08640B0B40F899E042C2 /* GeomanistLight.ttf in Resources */,
				6648F61D3985470584FBCCA5 /* GeomanistMedium.ttf in Resources */,
				6868C1B0B2F948A197FCD3A0 /* GeomanistRegular.ttf in Resources */,
				95AFB4216D8C4945945FBA57 /* Geomanist-Regular-Italic.otf in Resources */,
				6BEF47996CA9486397D624DC /* Geomanist-Regular.otf in Resources */,
				3FD5320028FA45CAAB55D7F7 /* AntDesign.ttf in Resources */,
				94848FCD76EB47C3A009612E /* Entypo.ttf in Resources */,
				B19185B4119B4CC586170B45 /* EvilIcons.ttf in Resources */,
				612BFF14DE99471CA2D16DF9 /* Feather.ttf in Resources */,
				96711448D337489597F37A72 /* FontAwesome.ttf in Resources */,
				FFAEBAD3548A40CBB33BAABC /* FontAwesome5_Brands.ttf in Resources */,
				FF05D54B25A741C397C256FB /* FontAwesome5_Regular.ttf in Resources */,
				14C18B417B024FE7A03AE303 /* FontAwesome5_Solid.ttf in Resources */,
				B38F0F9AD95649B19248B58B /* Fontisto.ttf in Resources */,
				CB534F7EE9044F2BBB6EEFFD /* Foundation.ttf in Resources */,
				4C78B1FB582B46818E144846 /* Ionicons.ttf in Resources */,
				56F3E58467FD4539B83B4609 /* MaterialCommunityIcons.ttf in Resources */,
				1B68DCC23F0B41228F23968E /* MaterialIcons.ttf in Resources */,
				C6B6E35F0CFB4415A10F96A9 /* Octicons.ttf in Resources */,
				7DC6CF29CFBD4E2C82A0CE6A /* SimpleLineIcons.ttf in Resources */,
				2E12EEE78CC746FE96437B0F /* Zocial.ttf in Resources */,
			);
			runOnlyForDeploymentPostprocessing = 0;
		};
		2D02E4791E0B4A5D006451C7 /* Resources */ = {
			isa = PBXResourcesBuildPhase;
			buildActionMask = 2147483647;
			files = (
				2D02E4BD1E0B4A84006451C7 /* Images.xcassets in Resources */,
			);
			runOnlyForDeploymentPostprocessing = 0;
		};
		2D02E48E1E0B4A5D006451C7 /* Resources */ = {
			isa = PBXResourcesBuildPhase;
			buildActionMask = 2147483647;
			files = (
			);
			runOnlyForDeploymentPostprocessing = 0;
		};
/* End PBXResourcesBuildPhase section */

/* Begin PBXShellScriptBuildPhase section */
		00DD1BFF1BD5951E006B06BC /* Bundle React Native code and images */ = {
			isa = PBXShellScriptBuildPhase;
			buildActionMask = 2147483647;
			files = (
			);
			inputPaths = (
			);
			name = "Bundle React Native code and images";
			outputPaths = (
			);
			runOnlyForDeploymentPostprocessing = 0;
			shellPath = /bin/sh;
			shellScript = "export NODE_BINARY=node\n../node_modules/react-native/scripts/react-native-xcode.sh";
		};
		18486D512AC88EBB86FB2EF9 /* [CP] Check Pods Manifest.lock */ = {
			isa = PBXShellScriptBuildPhase;
			buildActionMask = 2147483647;
			files = (
			);
			inputFileListPaths = (
			);
			inputPaths = (
				"${PODS_PODFILE_DIR_PATH}/Podfile.lock",
				"${PODS_ROOT}/Manifest.lock",
			);
			name = "[CP] Check Pods Manifest.lock";
			outputFileListPaths = (
			);
			outputPaths = (
				"$(DERIVED_FILE_DIR)/Pods-BalanceApp-tvOSTests-checkManifestLockResult.txt",
			);
			runOnlyForDeploymentPostprocessing = 0;
			shellPath = /bin/sh;
			shellScript = "diff \"${PODS_PODFILE_DIR_PATH}/Podfile.lock\" \"${PODS_ROOT}/Manifest.lock\" > /dev/null\nif [ $? != 0 ] ; then\n    # print error to STDERR\n    echo \"error: The sandbox is not in sync with the Podfile.lock. Run 'pod install' or update your CocoaPods installation.\" >&2\n    exit 1\nfi\n# This output is used by Xcode 'outputs' to avoid re-running this script phase.\necho \"SUCCESS\" > \"${SCRIPT_OUTPUT_FILE_0}\"\n";
			showEnvVarsInLog = 0;
		};
		25C1CADFE7B1018CC3DE8A20 /* [CP] Check Pods Manifest.lock */ = {
			isa = PBXShellScriptBuildPhase;
			buildActionMask = 2147483647;
			files = (
			);
			inputFileListPaths = (
			);
			inputPaths = (
				"${PODS_PODFILE_DIR_PATH}/Podfile.lock",
				"${PODS_ROOT}/Manifest.lock",
			);
			name = "[CP] Check Pods Manifest.lock";
			outputFileListPaths = (
			);
			outputPaths = (
				"$(DERIVED_FILE_DIR)/Pods-BalanceApp-checkManifestLockResult.txt",
			);
			runOnlyForDeploymentPostprocessing = 0;
			shellPath = /bin/sh;
			shellScript = "diff \"${PODS_PODFILE_DIR_PATH}/Podfile.lock\" \"${PODS_ROOT}/Manifest.lock\" > /dev/null\nif [ $? != 0 ] ; then\n    # print error to STDERR\n    echo \"error: The sandbox is not in sync with the Podfile.lock. Run 'pod install' or update your CocoaPods installation.\" >&2\n    exit 1\nfi\n# This output is used by Xcode 'outputs' to avoid re-running this script phase.\necho \"SUCCESS\" > \"${SCRIPT_OUTPUT_FILE_0}\"\n";
			showEnvVarsInLog = 0;
		};
		2D02E4CB1E0B4B27006451C7 /* Bundle React Native Code And Images */ = {
			isa = PBXShellScriptBuildPhase;
			buildActionMask = 2147483647;
			files = (
			);
			inputPaths = (
			);
			name = "Bundle React Native Code And Images";
			outputPaths = (
			);
			runOnlyForDeploymentPostprocessing = 0;
			shellPath = /bin/sh;
			shellScript = "export NODE_BINARY=node\n../node_modules/react-native/scripts/react-native-xcode.sh";
		};
		AEE1824106D9F360013C05E9 /* [CP] Check Pods Manifest.lock */ = {
			isa = PBXShellScriptBuildPhase;
			buildActionMask = 2147483647;
			files = (
			);
			inputFileListPaths = (
			);
			inputPaths = (
				"${PODS_PODFILE_DIR_PATH}/Podfile.lock",
				"${PODS_ROOT}/Manifest.lock",
			);
			name = "[CP] Check Pods Manifest.lock";
			outputFileListPaths = (
			);
			outputPaths = (
				"$(DERIVED_FILE_DIR)/Pods-BalanceApp-tvOS-checkManifestLockResult.txt",
			);
			runOnlyForDeploymentPostprocessing = 0;
			shellPath = /bin/sh;
			shellScript = "diff \"${PODS_PODFILE_DIR_PATH}/Podfile.lock\" \"${PODS_ROOT}/Manifest.lock\" > /dev/null\nif [ $? != 0 ] ; then\n    # print error to STDERR\n    echo \"error: The sandbox is not in sync with the Podfile.lock. Run 'pod install' or update your CocoaPods installation.\" >&2\n    exit 1\nfi\n# This output is used by Xcode 'outputs' to avoid re-running this script phase.\necho \"SUCCESS\" > \"${SCRIPT_OUTPUT_FILE_0}\"\n";
			showEnvVarsInLog = 0;
		};
		BD34BA1B4F0B4D67BB959278 /* [CP] Check Pods Manifest.lock */ = {
			isa = PBXShellScriptBuildPhase;
			buildActionMask = 2147483647;
			files = (
			);
			inputFileListPaths = (
			);
			inputPaths = (
				"${PODS_PODFILE_DIR_PATH}/Podfile.lock",
				"${PODS_ROOT}/Manifest.lock",
			);
			name = "[CP] Check Pods Manifest.lock";
			outputFileListPaths = (
			);
			outputPaths = (
				"$(DERIVED_FILE_DIR)/Pods-BalanceAppTests-checkManifestLockResult.txt",
			);
			runOnlyForDeploymentPostprocessing = 0;
			shellPath = /bin/sh;
			shellScript = "diff \"${PODS_PODFILE_DIR_PATH}/Podfile.lock\" \"${PODS_ROOT}/Manifest.lock\" > /dev/null\nif [ $? != 0 ] ; then\n    # print error to STDERR\n    echo \"error: The sandbox is not in sync with the Podfile.lock. Run 'pod install' or update your CocoaPods installation.\" >&2\n    exit 1\nfi\n# This output is used by Xcode 'outputs' to avoid re-running this script phase.\necho \"SUCCESS\" > \"${SCRIPT_OUTPUT_FILE_0}\"\n";
			showEnvVarsInLog = 0;
		};
		FD10A7F022414F080027D42C /* Start Packager */ = {
			isa = PBXShellScriptBuildPhase;
			buildActionMask = 2147483647;
			files = (
			);
			inputFileListPaths = (
			);
			inputPaths = (
			);
			name = "Start Packager";
			outputFileListPaths = (
			);
			outputPaths = (
			);
			runOnlyForDeploymentPostprocessing = 0;
			shellPath = /bin/sh;
			shellScript = "export RCT_METRO_PORT=\"${RCT_METRO_PORT:=8081}\"\necho \"export RCT_METRO_PORT=${RCT_METRO_PORT}\" > \"${SRCROOT}/../node_modules/react-native/scripts/.packager.env\"\nif [ -z \"${RCT_NO_LAUNCH_PACKAGER+xxx}\" ] ; then\n  if nc -w 5 -z localhost ${RCT_METRO_PORT} ; then\n    if ! curl -s \"http://localhost:${RCT_METRO_PORT}/status\" | grep -q \"packager-status:running\" ; then\n      echo \"Port ${RCT_METRO_PORT} already in use, packager is either not running or not running correctly\"\n      exit 2\n    fi\n  else\n    open \"$SRCROOT/../node_modules/react-native/scripts/launchPackager.command\" || echo \"Can't start packager automatically\"\n  fi\nfi\n";
			showEnvVarsInLog = 0;
		};
		FD10A7F122414F3F0027D42C /* Start Packager */ = {
			isa = PBXShellScriptBuildPhase;
			buildActionMask = 2147483647;
			files = (
			);
			inputFileListPaths = (
			);
			inputPaths = (
			);
			name = "Start Packager";
			outputFileListPaths = (
			);
			outputPaths = (
			);
			runOnlyForDeploymentPostprocessing = 0;
			shellPath = /bin/sh;
			shellScript = "export RCT_METRO_PORT=\"${RCT_METRO_PORT:=8081}\"\necho \"export RCT_METRO_PORT=${RCT_METRO_PORT}\" > \"${SRCROOT}/../node_modules/react-native/scripts/.packager.env\"\nif [ -z \"${RCT_NO_LAUNCH_PACKAGER+xxx}\" ] ; then\n  if nc -w 5 -z localhost ${RCT_METRO_PORT} ; then\n    if ! curl -s \"http://localhost:${RCT_METRO_PORT}/status\" | grep -q \"packager-status:running\" ; then\n      echo \"Port ${RCT_METRO_PORT} already in use, packager is either not running or not running correctly\"\n      exit 2\n    fi\n  else\n    open \"$SRCROOT/../node_modules/react-native/scripts/launchPackager.command\" || echo \"Can't start packager automatically\"\n  fi\nfi\n";
			showEnvVarsInLog = 0;
		};
/* End PBXShellScriptBuildPhase section */

/* Begin PBXSourcesBuildPhase section */
		00E356EA1AD99517003FC87E /* Sources */ = {
			isa = PBXSourcesBuildPhase;
			buildActionMask = 2147483647;
			files = (
				00E356F31AD99517003FC87E /* BalanceAppTests.m in Sources */,
			);
			runOnlyForDeploymentPostprocessing = 0;
		};
		13B07F871A680F5B00A75B9A /* Sources */ = {
			isa = PBXSourcesBuildPhase;
			buildActionMask = 2147483647;
			files = (
				13B07FBC1A68108700A75B9A /* AppDelegate.m in Sources */,
				13B07FC11A68108700A75B9A /* main.m in Sources */,
			);
			runOnlyForDeploymentPostprocessing = 0;
		};
		2D02E4771E0B4A5D006451C7 /* Sources */ = {
			isa = PBXSourcesBuildPhase;
			buildActionMask = 2147483647;
			files = (
				2D02E4BF1E0B4AB3006451C7 /* main.m in Sources */,
				2D02E4BC1E0B4A80006451C7 /* AppDelegate.m in Sources */,
			);
			runOnlyForDeploymentPostprocessing = 0;
		};
		2D02E48C1E0B4A5D006451C7 /* Sources */ = {
			isa = PBXSourcesBuildPhase;
			buildActionMask = 2147483647;
			files = (
				2DCD954D1E0B4F2C00145EB5 /* BalanceAppTests.m in Sources */,
			);
			runOnlyForDeploymentPostprocessing = 0;
		};
/* End PBXSourcesBuildPhase section */

/* Begin PBXTargetDependency section */
		00E356F51AD99517003FC87E /* PBXTargetDependency */ = {
			isa = PBXTargetDependency;
			target = 13B07F861A680F5B00A75B9A /* BalanceApp */;
			targetProxy = 00E356F41AD99517003FC87E /* PBXContainerItemProxy */;
		};
		2D02E4921E0B4A5D006451C7 /* PBXTargetDependency */ = {
			isa = PBXTargetDependency;
			target = 2D02E47A1E0B4A5D006451C7 /* BalanceApp-tvOS */;
			targetProxy = 2D02E4911E0B4A5D006451C7 /* PBXContainerItemProxy */;
		};
/* End PBXTargetDependency section */

/* Begin PBXVariantGroup section */
		13B07FB11A68108700A75B9A /* LaunchScreen.xib */ = {
			isa = PBXVariantGroup;
			children = (
				13B07FB21A68108700A75B9A /* Base */,
			);
			name = LaunchScreen.xib;
			path = BalanceApp;
			sourceTree = "<group>";
		};
/* End PBXVariantGroup section */

/* Begin XCBuildConfiguration section */
		00E356F61AD99517003FC87E /* Debug */ = {
			isa = XCBuildConfiguration;
			baseConfigurationReference = 8872407A0EEF3389E93552CC /* Pods-BalanceAppTests.debug.xcconfig */;
			buildSettings = {
				BUNDLE_LOADER = "$(TEST_HOST)";
				DEVELOPMENT_TEAM = TAAMTQU28H;
				GCC_PREPROCESSOR_DEFINITIONS = (
					"DEBUG=1",
					"$(inherited)",
				);
				INFOPLIST_FILE = BalanceAppTests/Info.plist;
				IPHONEOS_DEPLOYMENT_TARGET = 9.0;
				LD_RUNPATH_SEARCH_PATHS = "$(inherited) @executable_path/Frameworks @loader_path/Frameworks";
				OTHER_LDFLAGS = (
					"-ObjC",
					"-lc++",
					"$(inherited)",
				);
				PRODUCT_BUNDLE_IDENTIFIER = "org.reactjs.native.example.$(PRODUCT_NAME:rfc1034identifier)";
				PRODUCT_NAME = "$(TARGET_NAME)";
				TEST_HOST = "$(BUILT_PRODUCTS_DIR)/BalanceApp.app/BalanceApp";
			};
			name = Debug;
		};
		00E356F71AD99517003FC87E /* Release */ = {
			isa = XCBuildConfiguration;
			baseConfigurationReference = 7CB768FBD8EDB38943576E81 /* Pods-BalanceAppTests.release.xcconfig */;
			buildSettings = {
				BUNDLE_LOADER = "$(TEST_HOST)";
				COPY_PHASE_STRIP = NO;
				DEVELOPMENT_TEAM = TAAMTQU28H;
				INFOPLIST_FILE = BalanceAppTests/Info.plist;
				IPHONEOS_DEPLOYMENT_TARGET = 9.0;
				LD_RUNPATH_SEARCH_PATHS = "$(inherited) @executable_path/Frameworks @loader_path/Frameworks";
				OTHER_LDFLAGS = (
					"-ObjC",
					"-lc++",
					"$(inherited)",
				);
				PRODUCT_BUNDLE_IDENTIFIER = "org.reactjs.native.example.$(PRODUCT_NAME:rfc1034identifier)";
				PRODUCT_NAME = "$(TARGET_NAME)";
				TEST_HOST = "$(BUILT_PRODUCTS_DIR)/BalanceApp.app/BalanceApp";
			};
			name = Release;
		};
		13B07F941A680F5B00A75B9A /* Debug */ = {
			isa = XCBuildConfiguration;
			baseConfigurationReference = 7BF82B696C381EBC5F9628CE /* Pods-BalanceApp.debug.xcconfig */;
			buildSettings = {
				ASSETCATALOG_COMPILER_APPICON_NAME = AppIcon;
				CODE_SIGN_ENTITLEMENTS = BalanceApp/BalanceApp.entitlements;
				CURRENT_PROJECT_VERSION = 1;
				DEAD_CODE_STRIPPING = NO;
				DEVELOPMENT_TEAM = TAAMTQU28H;
				INFOPLIST_FILE = BalanceApp/Info.plist;
				LD_RUNPATH_SEARCH_PATHS = "$(inherited) @executable_path/Frameworks";
				OTHER_LDFLAGS = (
					"$(inherited)",
					"-ObjC",
					"-lc++",
				);
				PRODUCT_BUNDLE_IDENTIFIER = "org.reactjs.native.example.$(PRODUCT_NAME:rfc1034identifier)";
				PRODUCT_NAME = BalanceApp;
				VERSIONING_SYSTEM = "apple-generic";
			};
			name = Debug;
		};
		13B07F951A680F5B00A75B9A /* Release */ = {
			isa = XCBuildConfiguration;
			baseConfigurationReference = 9D53C1A7B14AA62B0918E950 /* Pods-BalanceApp.release.xcconfig */;
			buildSettings = {
				ASSETCATALOG_COMPILER_APPICON_NAME = AppIcon;
				CODE_SIGN_ENTITLEMENTS = BalanceApp/BalanceApp.entitlements;
				CURRENT_PROJECT_VERSION = 1;
				DEVELOPMENT_TEAM = TAAMTQU28H;
				INFOPLIST_FILE = BalanceApp/Info.plist;
				LD_RUNPATH_SEARCH_PATHS = "$(inherited) @executable_path/Frameworks";
				OTHER_LDFLAGS = (
					"$(inherited)",
					"-ObjC",
					"-lc++",
				);
				PRODUCT_BUNDLE_IDENTIFIER = "org.reactjs.native.example.$(PRODUCT_NAME:rfc1034identifier)";
				PRODUCT_NAME = BalanceApp;
				VERSIONING_SYSTEM = "apple-generic";
			};
			name = Release;
		};
		2D02E4971E0B4A5E006451C7 /* Debug */ = {
			isa = XCBuildConfiguration;
			baseConfigurationReference = 83F1878FD8BD349F152CF90F /* Pods-BalanceApp-tvOS.debug.xcconfig */;
			buildSettings = {
				ASSETCATALOG_COMPILER_APPICON_NAME = "App Icon & Top Shelf Image";
				ASSETCATALOG_COMPILER_LAUNCHIMAGE_NAME = LaunchImage;
				CLANG_ANALYZER_NONNULL = YES;
				CLANG_WARN_DOCUMENTATION_COMMENTS = YES;
				CLANG_WARN_INFINITE_RECURSION = YES;
				CLANG_WARN_SUSPICIOUS_MOVE = YES;
				DEBUG_INFORMATION_FORMAT = dwarf;
				ENABLE_TESTABILITY = YES;
				GCC_NO_COMMON_BLOCKS = YES;
				INFOPLIST_FILE = "BalanceApp-tvOS/Info.plist";
				LD_RUNPATH_SEARCH_PATHS = "$(inherited) @executable_path/Frameworks";
				OTHER_LDFLAGS = (
					"$(inherited)",
					"-ObjC",
					"-lc++",
				);
				PRODUCT_BUNDLE_IDENTIFIER = "com.facebook.REACT.BalanceApp-tvOS";
				PRODUCT_NAME = "$(TARGET_NAME)";
				SDKROOT = appletvos;
				TARGETED_DEVICE_FAMILY = 3;
				TVOS_DEPLOYMENT_TARGET = 9.2;
			};
			name = Debug;
		};
		2D02E4981E0B4A5E006451C7 /* Release */ = {
			isa = XCBuildConfiguration;
			baseConfigurationReference = F6A7D93F9993C6B93ACD23BE /* Pods-BalanceApp-tvOS.release.xcconfig */;
			buildSettings = {
				ASSETCATALOG_COMPILER_APPICON_NAME = "App Icon & Top Shelf Image";
				ASSETCATALOG_COMPILER_LAUNCHIMAGE_NAME = LaunchImage;
				CLANG_ANALYZER_NONNULL = YES;
				CLANG_WARN_DOCUMENTATION_COMMENTS = YES;
				CLANG_WARN_INFINITE_RECURSION = YES;
				CLANG_WARN_SUSPICIOUS_MOVE = YES;
				COPY_PHASE_STRIP = NO;
				DEBUG_INFORMATION_FORMAT = "dwarf-with-dsym";
				GCC_NO_COMMON_BLOCKS = YES;
				INFOPLIST_FILE = "BalanceApp-tvOS/Info.plist";
				LD_RUNPATH_SEARCH_PATHS = "$(inherited) @executable_path/Frameworks";
				OTHER_LDFLAGS = (
					"$(inherited)",
					"-ObjC",
					"-lc++",
				);
				PRODUCT_BUNDLE_IDENTIFIER = "com.facebook.REACT.BalanceApp-tvOS";
				PRODUCT_NAME = "$(TARGET_NAME)";
				SDKROOT = appletvos;
				TARGETED_DEVICE_FAMILY = 3;
				TVOS_DEPLOYMENT_TARGET = 9.2;
			};
			name = Release;
		};
		2D02E4991E0B4A5E006451C7 /* Debug */ = {
			isa = XCBuildConfiguration;
			baseConfigurationReference = 0BF65BE9B0F16AC22AD07DA3 /* Pods-BalanceApp-tvOSTests.debug.xcconfig */;
			buildSettings = {
				BUNDLE_LOADER = "$(TEST_HOST)";
				CLANG_ANALYZER_NONNULL = YES;
				CLANG_WARN_DOCUMENTATION_COMMENTS = YES;
				CLANG_WARN_INFINITE_RECURSION = YES;
				CLANG_WARN_SUSPICIOUS_MOVE = YES;
				DEBUG_INFORMATION_FORMAT = dwarf;
				ENABLE_TESTABILITY = YES;
				GCC_NO_COMMON_BLOCKS = YES;
				INFOPLIST_FILE = "BalanceApp-tvOSTests/Info.plist";
				LD_RUNPATH_SEARCH_PATHS = "$(inherited) @executable_path/Frameworks @loader_path/Frameworks";
				OTHER_LDFLAGS = (
					"$(inherited)",
					"-ObjC",
					"-lc++",
				);
				PRODUCT_BUNDLE_IDENTIFIER = "com.facebook.REACT.BalanceApp-tvOSTests";
				PRODUCT_NAME = "$(TARGET_NAME)";
				SDKROOT = appletvos;
				TEST_HOST = "$(BUILT_PRODUCTS_DIR)/BalanceApp-tvOS.app/BalanceApp-tvOS";
				TVOS_DEPLOYMENT_TARGET = 10.1;
			};
			name = Debug;
		};
		2D02E49A1E0B4A5E006451C7 /* Release */ = {
			isa = XCBuildConfiguration;
			baseConfigurationReference = B94B0DC030B6F5402A9CA9F1 /* Pods-BalanceApp-tvOSTests.release.xcconfig */;
			buildSettings = {
				BUNDLE_LOADER = "$(TEST_HOST)";
				CLANG_ANALYZER_NONNULL = YES;
				CLANG_WARN_DOCUMENTATION_COMMENTS = YES;
				CLANG_WARN_INFINITE_RECURSION = YES;
				CLANG_WARN_SUSPICIOUS_MOVE = YES;
				COPY_PHASE_STRIP = NO;
				DEBUG_INFORMATION_FORMAT = "dwarf-with-dsym";
				GCC_NO_COMMON_BLOCKS = YES;
				INFOPLIST_FILE = "BalanceApp-tvOSTests/Info.plist";
				LD_RUNPATH_SEARCH_PATHS = "$(inherited) @executable_path/Frameworks @loader_path/Frameworks";
				OTHER_LDFLAGS = (
					"$(inherited)",
					"-ObjC",
					"-lc++",
				);
				PRODUCT_BUNDLE_IDENTIFIER = "com.facebook.REACT.BalanceApp-tvOSTests";
				PRODUCT_NAME = "$(TARGET_NAME)";
				SDKROOT = appletvos;
				TEST_HOST = "$(BUILT_PRODUCTS_DIR)/BalanceApp-tvOS.app/BalanceApp-tvOS";
				TVOS_DEPLOYMENT_TARGET = 10.1;
			};
			name = Release;
		};
		83CBBA201A601CBA00E9B192 /* Debug */ = {
			isa = XCBuildConfiguration;
			buildSettings = {
				ALWAYS_SEARCH_USER_PATHS = NO;
				CLANG_CXX_LANGUAGE_STANDARD = "gnu++0x";
				CLANG_CXX_LIBRARY = "libc++";
				CLANG_ENABLE_MODULES = YES;
				CLANG_ENABLE_OBJC_ARC = YES;
				CLANG_WARN_BLOCK_CAPTURE_AUTORELEASING = YES;
				CLANG_WARN_BOOL_CONVERSION = YES;
				CLANG_WARN_COMMA = YES;
				CLANG_WARN_CONSTANT_CONVERSION = YES;
				CLANG_WARN_DEPRECATED_OBJC_IMPLEMENTATIONS = YES;
				CLANG_WARN_DIRECT_OBJC_ISA_USAGE = YES_ERROR;
				CLANG_WARN_EMPTY_BODY = YES;
				CLANG_WARN_ENUM_CONVERSION = YES;
				CLANG_WARN_INFINITE_RECURSION = YES;
				CLANG_WARN_INT_CONVERSION = YES;
				CLANG_WARN_NON_LITERAL_NULL_CONVERSION = YES;
				CLANG_WARN_OBJC_IMPLICIT_RETAIN_SELF = YES;
				CLANG_WARN_OBJC_LITERAL_CONVERSION = YES;
				CLANG_WARN_OBJC_ROOT_CLASS = YES_ERROR;
				CLANG_WARN_RANGE_LOOP_ANALYSIS = YES;
				CLANG_WARN_STRICT_PROTOTYPES = YES;
				CLANG_WARN_SUSPICIOUS_MOVE = YES;
				CLANG_WARN_UNREACHABLE_CODE = YES;
				CLANG_WARN__DUPLICATE_METHOD_MATCH = YES;
				"CODE_SIGN_IDENTITY[sdk=iphoneos*]" = "iPhone Developer";
				COPY_PHASE_STRIP = NO;
				ENABLE_STRICT_OBJC_MSGSEND = YES;
				ENABLE_TESTABILITY = YES;
				GCC_C_LANGUAGE_STANDARD = gnu99;
				GCC_DYNAMIC_NO_PIC = NO;
				GCC_NO_COMMON_BLOCKS = YES;
				GCC_OPTIMIZATION_LEVEL = 0;
				GCC_PREPROCESSOR_DEFINITIONS = (
					"DEBUG=1",
					"$(inherited)",
				);
				GCC_SYMBOLS_PRIVATE_EXTERN = NO;
				GCC_WARN_64_TO_32_BIT_CONVERSION = YES;
				GCC_WARN_ABOUT_RETURN_TYPE = YES_ERROR;
				GCC_WARN_UNDECLARED_SELECTOR = YES;
				GCC_WARN_UNINITIALIZED_AUTOS = YES_AGGRESSIVE;
				GCC_WARN_UNUSED_FUNCTION = YES;
				GCC_WARN_UNUSED_VARIABLE = YES;
				IPHONEOS_DEPLOYMENT_TARGET = 9.0;
				MTL_ENABLE_DEBUG_INFO = YES;
				ONLY_ACTIVE_ARCH = YES;
				SDKROOT = iphoneos;
			};
			name = Debug;
		};
		83CBBA211A601CBA00E9B192 /* Release */ = {
			isa = XCBuildConfiguration;
			buildSettings = {
				ALWAYS_SEARCH_USER_PATHS = NO;
				CLANG_CXX_LANGUAGE_STANDARD = "gnu++0x";
				CLANG_CXX_LIBRARY = "libc++";
				CLANG_ENABLE_MODULES = YES;
				CLANG_ENABLE_OBJC_ARC = YES;
				CLANG_WARN_BLOCK_CAPTURE_AUTORELEASING = YES;
				CLANG_WARN_BOOL_CONVERSION = YES;
				CLANG_WARN_COMMA = YES;
				CLANG_WARN_CONSTANT_CONVERSION = YES;
				CLANG_WARN_DEPRECATED_OBJC_IMPLEMENTATIONS = YES;
				CLANG_WARN_DIRECT_OBJC_ISA_USAGE = YES_ERROR;
				CLANG_WARN_EMPTY_BODY = YES;
				CLANG_WARN_ENUM_CONVERSION = YES;
				CLANG_WARN_INFINITE_RECURSION = YES;
				CLANG_WARN_INT_CONVERSION = YES;
				CLANG_WARN_NON_LITERAL_NULL_CONVERSION = YES;
				CLANG_WARN_OBJC_IMPLICIT_RETAIN_SELF = YES;
				CLANG_WARN_OBJC_LITERAL_CONVERSION = YES;
				CLANG_WARN_OBJC_ROOT_CLASS = YES_ERROR;
				CLANG_WARN_RANGE_LOOP_ANALYSIS = YES;
				CLANG_WARN_STRICT_PROTOTYPES = YES;
				CLANG_WARN_SUSPICIOUS_MOVE = YES;
				CLANG_WARN_UNREACHABLE_CODE = YES;
				CLANG_WARN__DUPLICATE_METHOD_MATCH = YES;
				"CODE_SIGN_IDENTITY[sdk=iphoneos*]" = "iPhone Developer";
				COPY_PHASE_STRIP = YES;
				ENABLE_NS_ASSERTIONS = NO;
				ENABLE_STRICT_OBJC_MSGSEND = YES;
				GCC_C_LANGUAGE_STANDARD = gnu99;
				GCC_NO_COMMON_BLOCKS = YES;
				GCC_WARN_64_TO_32_BIT_CONVERSION = YES;
				GCC_WARN_ABOUT_RETURN_TYPE = YES_ERROR;
				GCC_WARN_UNDECLARED_SELECTOR = YES;
				GCC_WARN_UNINITIALIZED_AUTOS = YES_AGGRESSIVE;
				GCC_WARN_UNUSED_FUNCTION = YES;
				GCC_WARN_UNUSED_VARIABLE = YES;
				IPHONEOS_DEPLOYMENT_TARGET = 9.0;
				MTL_ENABLE_DEBUG_INFO = NO;
				SDKROOT = iphoneos;
				VALIDATE_PRODUCT = YES;
			};
			name = Release;
		};
/* End XCBuildConfiguration section */

/* Begin XCConfigurationList section */
		00E357021AD99517003FC87E /* Build configuration list for PBXNativeTarget "BalanceAppTests" */ = {
			isa = XCConfigurationList;
			buildConfigurations = (
				00E356F61AD99517003FC87E /* Debug */,
				00E356F71AD99517003FC87E /* Release */,
			);
			defaultConfigurationIsVisible = 0;
			defaultConfigurationName = Release;
		};
		13B07F931A680F5B00A75B9A /* Build configuration list for PBXNativeTarget "BalanceApp" */ = {
			isa = XCConfigurationList;
			buildConfigurations = (
				13B07F941A680F5B00A75B9A /* Debug */,
				13B07F951A680F5B00A75B9A /* Release */,
			);
			defaultConfigurationIsVisible = 0;
			defaultConfigurationName = Release;
		};
		2D02E4BA1E0B4A5E006451C7 /* Build configuration list for PBXNativeTarget "BalanceApp-tvOS" */ = {
			isa = XCConfigurationList;
			buildConfigurations = (
				2D02E4971E0B4A5E006451C7 /* Debug */,
				2D02E4981E0B4A5E006451C7 /* Release */,
			);
			defaultConfigurationIsVisible = 0;
			defaultConfigurationName = Release;
		};
		2D02E4BB1E0B4A5E006451C7 /* Build configuration list for PBXNativeTarget "BalanceApp-tvOSTests" */ = {
			isa = XCConfigurationList;
			buildConfigurations = (
				2D02E4991E0B4A5E006451C7 /* Debug */,
				2D02E49A1E0B4A5E006451C7 /* Release */,
			);
			defaultConfigurationIsVisible = 0;
			defaultConfigurationName = Release;
		};
		83CBB9FA1A601CBA00E9B192 /* Build configuration list for PBXProject "BalanceApp" */ = {
			isa = XCConfigurationList;
			buildConfigurations = (
				83CBBA201A601CBA00E9B192 /* Debug */,
				83CBBA211A601CBA00E9B192 /* Release */,
			);
			defaultConfigurationIsVisible = 0;
			defaultConfigurationName = Release;
		};
/* End XCConfigurationList section */
	};
	rootObject = 83CBB9F71A601CBA00E9B192 /* Project object */;
}
